
Microsoft Visual Studio Solution File, Format Version 11.00
# Visual Studio 2010
# SharpDevelop 5.1
Project("{FAE04EC0-301F-11D3-BF4B-00C04F79EFBC}") = "AutoDiscovery", "AutoDiscovery\AutoDiscovery.csproj", "{658C55C7-9B9C-49A5-A4F6-09B8FB82F493}"
EndProject
Global
	GlobalSection(SolutionConfigurationPlatforms) = preSolution
		Debug|Any CPU = Debug|Any CPU
		Release|Any CPU = Release|Any CPU
	EndGlobalSection
	GlobalSection(ProjectConfigurationPlatforms) = postSolution
		{658C55C7-9B9C-49A5-A4F6-09B8FB82F493}.Debug|Any CPU.ActiveCfg = Debug|Any CPU
		{658C55C7-9B9C-49A5-A4F6-09B8FB82F493}.Debug|Any CPU.Build.0 = Debug|Any CPU
		{658C55C7-9B9C-49A5-A4F6-09B8FB82F493}.Release|Any CPU.ActiveCfg = Release|Any CPU
		{658C55C7-9B9C-49A5-A4F6-09B8FB82F493}.Release|Any CPU.Build.0 = Release|Any CPU
	EndGlobalSection
EndGlobal
